// !$*UTF8*$!
{
	archiveVersion = 1;
	classes = {
	};
	objectVersion = 56;
	objects = {

/* Begin PBXBuildFile section */
		A100000001 /* SnapCastApp.swift in Sources */ = {isa = PBXBuildFile; fileRef = B100000001 /* SnapCastApp.swift */; };
		A100000002 /* AppDelegate.swift in Sources */ = {isa = PBXBuildFile; fileRef = B100000002 /* AppDelegate.swift */; };
		A100000003 /* CaptureMode.swift in Sources */ = {isa = PBXBuildFile; fileRef = B100000003 /* CaptureMode.swift */; };
		A100000004 /* CaptureSessionManager.swift in Sources */ = {isa = PBXBuildFile; fileRef = B100000004 /* CaptureSessionManager.swift */; };
		A100000005 /* FrameProcessor.swift in Sources */ = {isa = PBXBuildFile; fileRef = B100000005 /* FrameProcessor.swift */; };
		A100000006 /* RegionSelectionOverlay.swift in Sources */ = {isa = PBXBuildFile; fileRef = B100000006 /* RegionSelectionOverlay.swift */; };
		A100000007 /* WindowPicker.swift in Sources */ = {isa = PBXBuildFile; fileRef = B100000007 /* WindowPicker.swift */; };
		A100000008 /* EncoderProtocol.swift in Sources */ = {isa = PBXBuildFile; fileRef = B100000008 /* EncoderProtocol.swift */; };
		A100000009 /* GIFEncoder.swift in Sources */ = {isa = PBXBuildFile; fileRef = B100000009 /* GIFEncoder.swift */; };
		A100000010 /* AVIFEncoder.swift in Sources */ = {isa = PBXBuildFile; fileRef = B100000010 /* AVIFEncoder.swift */; };
		A100000011 /* CaptureSettings.swift in Sources */ = {isa = PBXBuildFile; fileRef = B100000011 /* CaptureSettings.swift */; };
		A100000012 /* SettingsView.swift in Sources */ = {isa = PBXBuildFile; fileRef = B100000012 /* SettingsView.swift */; };
		A100000013 /* MenuBarController.swift in Sources */ = {isa = PBXBuildFile; fileRef = B100000013 /* MenuBarController.swift */; };
		A100000014 /* PopoverView.swift in Sources */ = {isa = PBXBuildFile; fileRef = B100000014 /* PopoverView.swift */; };
		A100000015 /* ScreenPermissions.swift in Sources */ = {isa = PBXBuildFile; fileRef = B100000015 /* ScreenPermissions.swift */; };
		A100000016 /* KeyboardShortcuts.swift in Sources */ = {isa = PBXBuildFile; fileRef = B100000016 /* KeyboardShortcuts.swift */; };
		A100000017 /* Assets.xcassets in Resources */ = {isa = PBXBuildFile; fileRef = B100000017 /* Assets.xcassets */; };
		A100000018 /* ScreenshotCapture.swift in Sources */ = {isa = PBXBuildFile; fileRef = B100000020 /* ScreenshotCapture.swift */; };
		A100000019 /* FullPageCapture.swift in Sources */ = {isa = PBXBuildFile; fileRef = B100000021 /* FullPageCapture.swift */; };
		A100000020 /* CaptureToast.swift in Sources */ = {isa = PBXBuildFile; fileRef = B100000022 /* CaptureToast.swift */; };
		A100000022 /* MergerStitcher.swift in Sources */ = {isa = PBXBuildFile; fileRef = B100000024 /* MergerStitcher.swift */; };
		A100000023 /* AccessibilityPermissions.swift in Sources */ = {isa = PBXBuildFile; fileRef = B100000023 /* AccessibilityPermissions.swift */; };
/* End PBXBuildFile section */

/* Begin PBXFileReference section */
		B100000001 /* SnapCastApp.swift */ = {isa = PBXFileReference; lastKnownFileType = sourcecode.swift; path = SnapCastApp.swift; sourceTree = "<group>"; };
		B100000002 /* AppDelegate.swift */ = {isa = PBXFileReference; lastKnownFileType = sourcecode.swift; path = AppDelegate.swift; sourceTree = "<group>"; };
		B100000003 /* CaptureMode.swift */ = {isa = PBXFileReference; lastKnownFileType = sourcecode.swift; path = CaptureMode.swift; sourceTree = "<group>"; };
		B100000004 /* CaptureSessionManager.swift */ = {isa = PBXFileReference; lastKnownFileType = sourcecode.swift; path = CaptureSessionManager.swift; sourceTree = "<group>"; };
		B100000005 /* FrameProcessor.swift */ = {isa = PBXFileReference; lastKnownFileType = sourcecode.swift; path = FrameProcessor.swift; sourceTree = "<group>"; };
		B100000006 /* RegionSelectionOverlay.swift */ = {isa = PBXFileReference; lastKnownFileType = sourcecode.swift; path = RegionSelectionOverlay.swift; sourceTree = "<group>"; };
		B100000007 /* WindowPicker.swift */ = {isa = PBXFileReference; lastKnownFileType = sourcecode.swift; path = WindowPicker.swift; sourceTree = "<group>"; };
		B100000008 /* EncoderProtocol.swift */ = {isa = PBXFileReference; lastKnownFileType = sourcecode.swift; path = EncoderProtocol.swift; sourceTree = "<group>"; };
		B100000009 /* GIFEncoder.swift */ = {isa = PBXFileReference; lastKnownFileType = sourcecode.swift; path = GIFEncoder.swift; sourceTree = "<group>"; };
		B100000010 /* AVIFEncoder.swift */ = {isa = PBXFileReference; lastKnownFileType = sourcecode.swift; path = AVIFEncoder.swift; sourceTree = "<group>"; };
		B100000011 /* CaptureSettings.swift */ = {isa = PBXFileReference; lastKnownFileType = sourcecode.swift; path = CaptureSettings.swift; sourceTree = "<group>"; };
		B100000012 /* SettingsView.swift */ = {isa = PBXFileReference; lastKnownFileType = sourcecode.swift; path = SettingsView.swift; sourceTree = "<group>"; };
		B100000013 /* MenuBarController.swift */ = {isa = PBXFileReference; lastKnownFileType = sourcecode.swift; path = MenuBarController.swift; sourceTree = "<group>"; };
		B100000014 /* PopoverView.swift */ = {isa = PBXFileReference; lastKnownFileType = sourcecode.swift; path = PopoverView.swift; sourceTree = "<group>"; };
		B100000015 /* ScreenPermissions.swift */ = {isa = PBXFileReference; lastKnownFileType = sourcecode.swift; path = ScreenPermissions.swift; sourceTree = "<group>"; };
		B100000016 /* KeyboardShortcuts.swift */ = {isa = PBXFileReference; lastKnownFileType = sourcecode.swift; path = KeyboardShortcuts.swift; sourceTree = "<group>"; };
		B100000017 /* Assets.xcassets */ = {isa = PBXFileReference; lastKnownFileType = folder.assetcatalog; path = Assets.xcassets; sourceTree = "<group>"; };
		B100000018 /* Info.plist */ = {isa = PBXFileReference; lastKnownFileType = text.plist.xml; path = Info.plist; sourceTree = "<group>"; };
		B100000019 /* SnapCast.entitlements */ = {isa = PBXFileReference; lastKnownFileType = text.plist.entitlements; path = SnapCast.entitlements; sourceTree = "<group>"; };
		B100000020 /* ScreenshotCapture.swift */ = {isa = PBXFileReference; lastKnownFileType = sourcecode.swift; path = ScreenshotCapture.swift; sourceTree = "<group>"; };
		B100000021 /* FullPageCapture.swift */ = {isa = PBXFileReference; lastKnownFileType = sourcecode.swift; path = FullPageCapture.swift; sourceTree = "<group>"; };
		B100000022 /* CaptureToast.swift */ = {isa = PBXFileReference; lastKnownFileType = sourcecode.swift; path = CaptureToast.swift; sourceTree = "<group>"; };
		B100000024 /* MergerStitcher.swift */ = {isa = PBXFileReference; lastKnownFileType = sourcecode.swift; path = MergerStitcher.swift; sourceTree = "<group>"; };
		B100000023 /* AccessibilityPermissions.swift */ = {isa = PBXFileReference; lastKnownFileType = sourcecode.swift; path = AccessibilityPermissions.swift; sourceTree = "<group>"; };
		C100000001 /* SnapCast.app */ = {isa = PBXFileReference; explicitFileType = wrapper.application; includeInIndex = 0; path = SnapCast.app; sourceTree = BUILT_PRODUCTS_DIR; };
/* End PBXFileReference section */

/* Begin PBXFrameworksBuildPhase section */
		D100000001 /* Frameworks */ = {
			isa = PBXFrameworksBuildPhase;
			buildActionMask = 2147483647;
			files = (
			);
			runOnlyForDeploymentPostprocessing = 0;
		};
/* End PBXFrameworksBuildPhase section */

/* Begin PBXGroup section */
		E100000001 = {
			isa = PBXGroup;
			children = (
				E100000002 /* SnapCast */,
				E100000009 /* Products */,
			);
			sourceTree = "<group>";
		};
		E100000002 /* SnapCast */ = {
			isa = PBXGroup;
			children = (
				B100000018 /* Info.plist */,
				B100000019 /* SnapCast.entitlements */,
				B100000017 /* Assets.xcassets */,
				E100000003 /* App */,
				E100000004 /* MenuBar */,
				E100000005 /* Capture */,
				E100000006 /* Selection */,
				E100000007 /* Encoding */,
				E100000008 /* Settings */,
				E10000000A /* Utilities */,
			);
			path = SnapCast;
			sourceTree = "<group>";
		};
		E100000003 /* App */ = {
			isa = PBXGroup;
			children = (
				B100000001 /* SnapCastApp.swift */,
				B100000002 /* AppDelegate.swift */,
			);
			path = App;
			sourceTree = "<group>";
		};
		E100000004 /* MenuBar */ = {
			isa = PBXGroup;
			children = (
				B100000013 /* MenuBarController.swift */,
				B100000014 /* PopoverView.swift */,
			);
			path = MenuBar;
			sourceTree = "<group>";
		};
		E100000005 /* Capture */ = {
			isa = PBXGroup;
			children = (
				B100000003 /* CaptureMode.swift */,
				B100000004 /* CaptureSessionManager.swift */,
				B100000005 /* FrameProcessor.swift */,
				B100000020 /* ScreenshotCapture.swift */,
				B100000021 /* FullPageCapture.swift */,
				B100000024 /* MergerStitcher.swift */,
			);
			path = Capture;
			sourceTree = "<group>";
		};
		E100000006 /* Selection */ = {
			isa = PBXGroup;
			children = (
				B100000006 /* RegionSelectionOverlay.swift */,
				B100000007 /* WindowPicker.swift */,
			);
			path = Selection;
			sourceTree = "<group>";
		};
		E100000007 /* Encoding */ = {
			isa = PBXGroup;
			children = (
				B100000008 /* EncoderProtocol.swift */,
				B100000009 /* GIFEncoder.swift */,
				B100000010 /* AVIFEncoder.swift */,
			);
			path = Encoding;
			sourceTree = "<group>";
		};
		E100000008 /* Settings */ = {
			isa = PBXGroup;
			children = (
				B100000011 /* CaptureSettings.swift */,
				B100000012 /* SettingsView.swift */,
			);
			path = Settings;
			sourceTree = "<group>";
		};
		E100000009 /* Products */ = {
			isa = PBXGroup;
			children = (
				C100000001 /* SnapCast.app */,
			);
			name = Products;
			sourceTree = "<group>";
		};
		E10000000A /* Utilities */ = {
			isa = PBXGroup;
			children = (
				B100000015 /* ScreenPermissions.swift */,
				B100000023 /* AccessibilityPermissions.swift */,
				B100000016 /* KeyboardShortcuts.swift */,
				B100000022 /* CaptureToast.swift */,
			);
			path = Utilities;
			sourceTree = "<group>";
		};
/* End PBXGroup section */

/* Begin PBXNativeTarget section */
		F100000001 /* SnapCast */ = {
			isa = PBXNativeTarget;
			buildConfigurationList = G100000003 /* Build configuration list for PBXNativeTarget "SnapCast" */;
			buildPhases = (
				F100000002 /* Sources */,
				D100000001 /* Frameworks */,
				F100000003 /* Resources */,
			);
			buildRules = (
			);
			dependencies = (
			);
			name = SnapCast;
			productName = SnapCast;
			productReference = C100000001 /* SnapCast.app */;
			productType = "com.apple.product-type.application";
		};
/* End PBXNativeTarget section */

/* Begin PBXProject section */
		H100000001 /* Project object */ = {
			isa = PBXProject;
			attributes = {
				BuildIndependentTargetsInParallel = 1;
				LastSwiftUpdateCheck = 1500;
				LastUpgradeCheck = 1500;
				TargetAttributes = {
					F100000001 = {
						CreatedOnToolsVersion = 15.0;
					};
				};
			};
			buildConfigurationList = G100000001 /* Build configuration list for PBXProject "SnapCast" */;
			compatibilityVersion = "Xcode 14.0";
			developmentRegion = en;
			hasScannedForEncodings = 0;
			knownRegions = (
				en,
				Base,
			);
			mainGroup = E100000001;
			productRefGroup = E100000009 /* Products */;
			projectDirPath = "";
			projectRoot = "";
			targets = (
				F100000001 /* SnapCast */,
			);
		};
/* End PBXProject section */

/* Begin PBXResourcesBuildPhase section */
		F100000003 /* Resources */ = {
			isa = PBXResourcesBuildPhase;
			buildActionMask = 2147483647;
			files = (
				A100000017 /* Assets.xcassets in Resources */,
			);
			runOnlyForDeploymentPostprocessing = 0;
		};
/* End PBXResourcesBuildPhase section */

/* Begin PBXSourcesBuildPhase section */
		F100000002 /* Sources */ = {
			isa = PBXSourcesBuildPhase;
			buildActionMask = 2147483647;
			files = (
				A100000001 /* SnapCastApp.swift in Sources */,
				A100000002 /* AppDelegate.swift in Sources */,
				A100000003 /* CaptureMode.swift in Sources */,
				A100000004 /* CaptureSessionManager.swift in Sources */,
				A100000005 /* FrameProcessor.swift in Sources */,
				A100000006 /* RegionSelectionOverlay.swift in Sources */,
				A100000007 /* WindowPicker.swift in Sources */,
				A100000008 /* EncoderProtocol.swift in Sources */,
				A100000009 /* GIFEncoder.swift in Sources */,
				A100000010 /* AVIFEncoder.swift in Sources */,
				A100000011 /* CaptureSettings.swift in Sources */,
				A100000012 /* SettingsView.swift in Sources */,
				A100000013 /* MenuBarController.swift in Sources */,
				A100000014 /* PopoverView.swift in Sources */,
				A100000015 /* ScreenPermissions.swift in Sources */,
				A100000016 /* KeyboardShortcuts.swift in Sources */,
				A100000020 /* CaptureToast.swift in Sources */,
				A100000018 /* ScreenshotCapture.swift in Sources */,
				A100000019 /* FullPageCapture.swift in Sources */,
				A100000022 /* MergerStitcher.swift in Sources */,
				A100000023 /* AccessibilityPermissions.swift in Sources */,
			);
			runOnlyForDeploymentPostprocessing = 0;
		};
/* End PBXSourcesBuildPhase section */

/* Begin XCBuildConfiguration section */
		G100000004 /* Debug */ = {
			isa = XCBuildConfiguration;
			buildSettings = {
				ALWAYS_SEARCH_USER_PATHS = NO;
				ASSETCATALOG_COMPILER_GENERATE_SWIFT_ASSET_SYMBOL_EXTENSIONS = YES;
				CLANG_ANALYZER_NONNULL = YES;
				CLANG_ANALYZER_NUMBER_OBJECT_CONVERSION = YES_AGGRESSIVE;
				CLANG_CXX_LANGUAGE_STANDARD = "gnu++20";
				CLANG_ENABLE_MODULES = YES;
				CLANG_ENABLE_OBJC_ARC = YES;
				CLANG_ENABLE_OBJC_WEAK = YES;
				CLANG_WARN_BLOCK_CAPTURE_AUTORELEASING = YES;
				CLANG_WARN_BOOL_CONVERSION = YES;
				CLANG_WARN_COMMA = YES;
				CLANG_WARN_CONSTANT_CONVERSION = YES;
				CLANG_WARN_DEPRECATED_OBJC_IMPLEMENTATIONS = YES;
				CLANG_WARN_DIRECT_OBJC_ISA_USAGE = YES_ERROR;
				CLANG_WARN_DOCUMENTATION_COMMENTS = YES;
				CLANG_WARN_EMPTY_BODY = YES;
				CLANG_WARN_ENUM_CONVERSION = YES;
				CLANG_WARN_INFINITE_RECURSION = YES;
				CLANG_WARN_INT_CONVERSION = YES;
				CLANG_WARN_NON_LITERAL_NULL_CONVERSION = YES;
				CLANG_WARN_OBJC_IMPLICIT_RETAIN_SELF = YES;
				CLANG_WARN_OBJC_LITERAL_CONVERSION = YES;
				CLANG_WARN_OBJC_ROOT_CLASS = YES_ERROR;
				CLANG_WARN_QUOTED_INCLUDE_IN_FRAMEWORK_HEADER = YES;
				CLANG_WARN_RANGE_LOOP_ANALYSIS = YES;
				CLANG_WARN_STRICT_PROTOTYPES = YES;
				CLANG_WARN_SUSPICIOUS_MOVE = YES;
				CLANG_WARN_UNGUARDED_AVAILABILITY = YES_AGGRESSIVE;
				CLANG_WARN_UNREACHABLE_CODE = YES;
				CLANG_WARN__DUPLICATE_METHOD_MATCH = YES;
				COPY_PHASE_STRIP = NO;
				DEBUG_INFORMATION_FORMAT = dwarf;
				ENABLE_STRICT_OBJC_MSGSEND = YES;
				ENABLE_TESTABILITY = YES;
				ENABLE_USER_SCRIPT_SANDBOXING = YES;
				GCC_C_LANGUAGE_STANDARD = gnu17;
				GCC_DYNAMIC_NO_PIC = NO;
				GCC_NO_COMMON_BLOCKS = YES;
				GCC_OPTIMIZATION_LEVEL = 0;
				GCC_PREPROCESSOR_DEFINITIONS = (
					"DEBUG=1",
					"$(inherited)",
				);
				GCC_WARN_64_TO_32_BIT_CONVERSION = YES;
				GCC_WARN_ABOUT_RETURN_TYPE = YES_ERROR;
				GCC_WARN_UNDECLARED_SELECTOR = YES;
				GCC_WARN_UNINITIALIZED_AUTOS = YES_AGGRESSIVE;
				GCC_WARN_UNUSED_FUNCTION = YES;
				GCC_WARN_UNUSED_VARIABLE = YES;
				MACOSX_DEPLOYMENT_TARGET = 13.0;
				MTL_ENABLE_DEBUG_INFO = INCLUDE_SOURCE;
				MTL_FAST_MATH = YES;
				ONLY_ACTIVE_ARCH = YES;
				SDKROOT = macosx;
				SWIFT_ACTIVE_COMPILATION_CONDITIONS = "DEBUG $(inherited)";
				SWIFT_OPTIMIZATION_LEVEL = "-Onone";
			};
			name = Debug;
		};
		G100000005 /* Release */ = {
			isa = XCBuildConfiguration;
			buildSettings = {
				ALWAYS_SEARCH_USER_PATHS = NO;
				ASSETCATALOG_COMPILER_GENERATE_SWIFT_ASSET_SYMBOL_EXTENSIONS = YES;
				CLANG_ANALYZER_NONNULL = YES;
				CLANG_ANALYZER_NUMBER_OBJECT_CONVERSION = YES_AGGRESSIVE;
				CLANG_CXX_LANGUAGE_STANDARD = "gnu++20";
				CLANG_ENABLE_MODULES = YES;
				CLANG_ENABLE_OBJC_ARC = YES;
				CLANG_ENABLE_OBJC_WEAK = YES;
				CLANG_WARN_BLOCK_CAPTURE_AUTORELEASING = YES;
				CLANG_WARN_BOOL_CONVERSION = YES;
				CLANG_WARN_COMMA = YES;
				CLANG_WARN_CONSTANT_CONVERSION = YES;
				CLANG_WARN_DEPRECATED_OBJC_IMPLEMENTATIONS = YES;
				CLANG_WARN_DIRECT_OBJC_ISA_USAGE = YES_ERROR;
				CLANG_WARN_DOCUMENTATION_COMMENTS = YES;
				CLANG_WARN_EMPTY_BODY = YES;
				CLANG_WARN_ENUM_CONVERSION = YES;
				CLANG_WARN_INFINITE_RECURSION = YES;
				CLANG_WARN_INT_CONVERSION = YES;
				CLANG_WARN_NON_LITERAL_NULL_CONVERSION = YES;
				CLANG_WARN_OBJC_IMPLICIT_RETAIN_SELF = YES;
				CLANG_WARN_OBJC_LITERAL_CONVERSION = YES;
				CLANG_WARN_OBJC_ROOT_CLASS = YES_ERROR;
				CLANG_WARN_QUOTED_INCLUDE_IN_FRAMEWORK_HEADER = YES;
				CLANG_WARN_RANGE_LOOP_ANALYSIS = YES;
				CLANG_WARN_STRICT_PROTOTYPES = YES;
				CLANG_WARN_SUSPICIOUS_MOVE = YES;
				CLANG_WARN_UNGUARDED_AVAILABILITY = YES_AGGRESSIVE;
				CLANG_WARN_UNREACHABLE_CODE = YES;
				CLANG_WARN__DUPLICATE_METHOD_MATCH = YES;
				COPY_PHASE_STRIP = NO;
				DEBUG_INFORMATION_FORMAT = "dwarf-with-dsym";
				ENABLE_NS_ASSERTIONS = NO;
				ENABLE_STRICT_OBJC_MSGSEND = YES;
				ENABLE_USER_SCRIPT_SANDBOXING = YES;
				GCC_C_LANGUAGE_STANDARD = gnu17;
				GCC_NO_COMMON_BLOCKS = YES;
				GCC_WARN_64_TO_32_BIT_CONVERSION = YES;
				GCC_WARN_ABOUT_RETURN_TYPE = YES_ERROR;
				GCC_WARN_UNDECLARED_SELECTOR = YES;
				GCC_WARN_UNINITIALIZED_AUTOS = YES_AGGRESSIVE;
				GCC_WARN_UNUSED_FUNCTION = YES;
				GCC_WARN_UNUSED_VARIABLE = YES;
				MACOSX_DEPLOYMENT_TARGET = 13.0;
				MTL_ENABLE_DEBUG_INFO = NO;
				MTL_FAST_MATH = YES;
				SDKROOT = macosx;
				SWIFT_COMPILATION_MODE = wholemodule;
			};
			name = Release;
		};
		G100000006 /* Debug */ = {
			isa = XCBuildConfiguration;
			buildSettings = {
				ASSETCATALOG_COMPILER_APPICON_NAME = AppIcon;
				CODE_SIGN_ENTITLEMENTS = SnapCast/SnapCast.entitlements;
				"CODE_SIGN_IDENTITY[sdk=macosx*]" = "Apple Development";
				CODE_SIGN_STYLE = Automatic;
				COMBINE_HIDPI_IMAGES = YES;
				CURRENT_PROJECT_VERSION = 1;
				DEVELOPMENT_TEAM = 8T9RVGUF2N;
				GENERATE_INFOPLIST_FILE = NO;
				INFOPLIST_FILE = SnapCast/Info.plist;
				INFOPLIST_KEY_LSApplicationCategoryType = "public.app-category.utilities";
				INFOPLIST_KEY_NSHumanReadableCopyright = "Copyright © 2024 SnapCast. All rights reserved.";
				LD_RUNPATH_SEARCH_PATHS = (
					"$(inherited)",
					"@executable_path/../Frameworks",
				);
				MARKETING_VERSION = 1.0.0;
				PRODUCT_BUNDLE_IDENTIFIER = com.nxcapture.snapcast;
				PRODUCT_NAME = "$(TARGET_NAME)";
				SWIFT_EMIT_LOC_STRINGS = YES;
				SWIFT_VERSION = 5.0;
			};
			name = Debug;
		};
		G100000007 /* Release */ = {
			isa = XCBuildConfiguration;
			buildSettings = {
				ASSETCATALOG_COMPILER_APPICON_NAME = AppIcon;
				CODE_SIGN_ENTITLEMENTS = SnapCast/SnapCast.entitlements;
				"CODE_SIGN_IDENTITY[sdk=macosx*]" = "Apple Development";
				CODE_SIGN_STYLE = Automatic;
				COMBINE_HIDPI_IMAGES = YES;
				CURRENT_PROJECT_VERSION = 1;
				DEVELOPMENT_TEAM = 8T9RVGUF2N;
				GENERATE_INFOPLIST_FILE = NO;
				INFOPLIST_FILE = SnapCast/Info.plist;
				INFOPLIST_KEY_LSApplicationCategoryType = "public.app-category.utilities";
				INFOPLIST_KEY_NSHumanReadableCopyright = "Copyright © 2024 SnapCast. All rights reserved.";
				LD_RUNPATH_SEARCH_PATHS = (
					"$(inherited)",
					"@executable_path/../Frameworks",
				);
				MARKETING_VERSION = 1.0.0;
				PRODUCT_BUNDLE_IDENTIFIER = com.nxcapture.snapcast;
				PRODUCT_NAME = "$(TARGET_NAME)";
				SWIFT_EMIT_LOC_STRINGS = YES;
				SWIFT_VERSION = 5.0;
			};
			name = Release;
		};
/* End XCBuildConfiguration section */

/* Begin XCConfigurationList section */
		G100000001 /* Build configuration list for PBXProject "SnapCast" */ = {
			isa = XCConfigurationList;
			buildConfigurations = (
				G100000004 /* Debug */,
				G100000005 /* Release */,
			);
			defaultConfigurationIsVisible = 0;
			defaultConfigurationName = Release;
		};
		G100000003 /* Build configuration list for PBXNativeTarget "SnapCast" */ = {
			isa = XCConfigurationList;
			buildConfigurations = (
				G100000006 /* Debug */,
				G100000007 /* Release */,
			);
			defaultConfigurationIsVisible = 0;
			defaultConfigurationName = Release;
		};
/* End XCConfigurationList section */
	};
	rootObject = H100000001 /* Project object */;
}
